<?xml version="1.0" encoding="utf-8"?>
<Project ToolsVersion="4.0" xmlns="http://schemas.microsoft.com/developer/msbuild/2003">
  <ItemGroup>
    <Filter Include="Source Files">
      <UniqueIdentifier>{4FC737F1-C7A5-4376-A066-2A32D752A2FF}</UniqueIdentifier>
      <Extensions>cpp;c;cc;cxx;c++;cppm;ixx;def;odl;idl;hpj;bat;asm;asmx</Extensions>
    </Filter>
    <Filter Include="Header Files">
      <UniqueIdentifier>{93995380-89BD-4b04-88EB-625FBE52EBFB}</UniqueIdentifier>
      <Extensions>h;hh;hpp;hxx;h++;hm;inl;inc;ipp;xsd</Extensions>
    </Filter>
    <Filter Include="Resource Files">
      <UniqueIdentifier>{67DA6AB6-F800-4c08-8B7A-83BB121AAD01}</UniqueIdentifier>
      <Extensions>rc;ico;cur;bmp;dlg;rc2;rct;bin;rgs;gif;jpg;jpeg;jpe;resx;tiff;tif;png;wav;mfcribbon-ms</Extensions>
    </Filter>
    <Filter Include="Source Files\Functions">
      <UniqueIdentifier>{4fd4569d-8066-4c44-9933-d0f26e47ddd4}</UniqueIdentifier>
    </Filter>
    <Filter Include="Source Files\Text">
      <UniqueIdentifier>{31ef5d78-1486-4360-9dc7-7851d51aeaf9}</UniqueIdentifier>
    </Filter>
  </ItemGroup>
  <ItemGroup>
    <ClCompile Include="Choice Is Yours.cpp">
      <Filter>Source Files</Filter>
    </ClCompile>
  </ItemGroup>
  <ItemGroup>
    <ClInclude Include="userName.h">
      <Filter>Source Files\Functions</Filter>
    </ClInclude>
    <ClInclude Include="workingWithFiles.h">
      <Filter>Source Files\Functions</Filter>
    </ClInclude>
    <ClInclude Include="allVariables.h">
      <Filter>Source Files\Functions</Filter>
    </ClInclude>
    <ClInclude Include="statistics.h">
      <Filter>Source Files\Functions</Filter>
    </ClInclude>
    <ClInclude Include="allQuestions.h">
      <Filter>Source Files\Functions</Filter>
    </ClInclude>
    <ClInclude Include="mainLogicFunction.h">
      <Filter>Source Files\Functions</Filter>
    </ClInclude>
    <ClInclude Include="endings.h">
      <Filter>Source Files\Functions</Filter>
    </ClInclude>
  </ItemGroup>
  <ItemGroup>
    <Text Include="questionAndAnswer1.txt">
      <Filter>Source Files\Text</Filter>
    </Text>
    <Text Include="userName.txt">
      <Filter>Source Files\Text</Filter>
    </Text>
    <Text Include="startText.txt">
      <Filter>Source Files\Text</Filter>
    </Text>
    <Text Include="startText2.txt">
      <Filter>Source Files\Text</Filter>
    </Text>
    <Text Include="UI.txt">
      <Filter>Source Files\Text</Filter>
    </Text>
    <Text Include="UI2.txt">
      <Filter>Source Files\Text</Filter>
    </Text>
    <Text Include="questionAndAnswer2.txt">
      <Filter>Source Files\Text</Filter>
    </Text>
    <Text Include="questionAndAnswer3.txt">
      <Filter>Source Files\Text</Filter>
    </Text>
    <Text Include="questionAndAnswer4.txt">
      <Filter>Source Files\Text</Filter>
    </Text>
    <Text Include="questionAndAnswer5.txt">
      <Filter>Source Files\Text</Filter>
    </Text>
    <Text Include="questionAndAnswer6.txt">
      <Filter>Source Files\Text</Filter>
    </Text>
    <Text Include="questionAndAnswer7.txt">
      <Filter>Source Files\Text</Filter>
    </Text>
    <Text Include="questionAndAnswer8.txt">
      <Filter>Source Files\Text</Filter>
    </Text>
    <Text Include="questionAndAnswer9.txt">
      <Filter>Source Files\Text</Filter>
    </Text>
    <Text Include="questionAndAnswer10.txt">
      <Filter>Source Files\Text</Filter>
    </Text>
    <Text Include="questionAndAnswer11.txt">
      <Filter>Source Files\Text</Filter>
    </Text>
    <Text Include="questionAndAnswer12.txt">
      <Filter>Source Files\Text</Filter>
    </Text>
    <Text Include="questionAndAnswer13.txt">
      <Filter>Source Files\Text</Filter>
    </Text>
    <Text Include="questionAndAnswer14.txt">
      <Filter>Source Files\Text</Filter>
    </Text>
    <Text Include="questionAndAnswer15.txt">
      <Filter>Source Files\Text</Filter>
    </Text>
    <Text Include="questionAndAnswer16.txt">
      <Filter>Source Files\Text</Filter>
    </Text>
    <Text Include="questionAndAnswer17.txt">
      <Filter>Source Files\Text</Filter>
    </Text>
    <Text Include="questionAndAnswer18.txt">
      <Filter>Source Files\Text</Filter>
    </Text>
    <Text Include="questionAndAnswer19.txt">
      <Filter>Source Files\Text</Filter>
    </Text>
    <Text Include="questionAndAnswer20.txt">
      <Filter>Source Files\Text</Filter>
    </Text>
    <Text Include="questionAndAnswer21.txt">
      <Filter>Source Files\Text</Filter>
    </Text>
    <Text Include="questionAndAnswer22.txt">
      <Filter>Source Files\Text</Filter>
    </Text>
    <Text Include="veryGoodChoice1.txt">
      <Filter>Source Files\Text</Filter>
    </Text>
    <Text Include="badChoice1.txt">
      <Filter>Source Files\Text</Filter>
    </Text>
    <Text Include="GoodChoice1.txt">
      <Filter>Source Files\Text</Filter>
    </Text>
    <Text Include="veryBadChoice1.txt">
      <Filter>Source Files\Text</Filter>
    </Text>
    <Text Include="Day1UI.txt">
      <Filter>Source Files\Text</Filter>
    </Text>
    <Text Include="NotImportantQuestion1.txt">
      <Filter>Source Files\Text</Filter>
    </Text>
    <Text Include="History1.txt">
      <Filter>Source Files\Text</Filter>
    </Text>
    <Text Include="NotImportantQuestion2.txt">
      <Filter>Source Files\Text</Filter>
    </Text>
    <Text Include="TheEnd1.txt">
      <Filter>Source Files\Text</Filter>
    </Text>
    <Text Include="titleGame.txt">
      <Filter>Source Files\Text</Filter>
    </Text>
    <Text Include="playAgain.txt">
      <Filter>Source Files\Text</Filter>
    </Text>
    <Text Include="Day2UI.txt">
      <Filter>Source Files\Text</Filter>
    </Text>
    <Text Include="Day3UI.txt">
      <Filter>Source Files\Text</Filter>
    </Text>
    <Text Include="History2.txt">
      <Filter>Source Files\Text</Filter>
    </Text>
    <Text Include="VeryGoodEnd.txt">
      <Filter>Source Files\Text</Filter>
    </Text>
    <Text Include="GoodEnd.txt">
      <Filter>Source Files\Text</Filter>
    </Text>
    <Text Include="MediumEnd.txt">
      <Filter>Source Files\Text</Filter>
    </Text>
    <Text Include="BadEnd.txt">
      <Filter>Source Files\Text</Filter>
    </Text>
    <Text Include="VeryBadEnd.txt">
      <Filter>Source Files\Text</Filter>
    </Text>
    <Text Include="caption.txt">
      <Filter>Source Files\Text</Filter>
    </Text>
  </ItemGroup>
</Project>